
Microsoft Visual Studio Solution File, Format Version 12.00
# Visual Studio Version 17
VisualStudioVersion = 17.0.31903.59
MinimumVisualStudioVersion = 10.0.40219.1
Project("{2150E333-8FDC-42A3-9474-1A3956D46DE8}") = "src", "src", "{827E0CD3-B72D-47B6-A68D-7590B98EB39B}"
EndProject
Project("{FAE04EC0-301F-11D3-BF4B-00C04F79EFBC}") = "Core", "src\Core\Core.csproj", "{FCECE401-19FB-4C4D-AED8-FEDC756AF725}"
EndProject
Project("{FAE04EC0-301F-11D3-BF4B-00C04F79EFBC}") = "Domain", "src\Domain\Domain.csproj", "{CFB4BCA9-9F21-4E3A-A652-5EEFDDD88021}"
EndProject
Project("{FAE04EC0-301F-11D3-BF4B-00C04F79EFBC}") = "Application", "src\Application\Application.csproj", "{B94036A7-15E4-4D44-B087-0AF4B94BEC0E}"
EndProject
Project("{FAE04EC0-301F-11D3-BF4B-00C04F79EFBC}") = "Infrastructure", "src\Infrastructure\Infrastructure.csproj", "{35E7AB13-D61A-4BA7-AB26-367B1229A224}"
EndProject
Project("{FAE04EC0-301F-11D3-BF4B-00C04F79EFBC}") = "Persistence", "src\Persistence\Persistence.csproj", "{CC070C51-1C49-4A40-9700-CA600D3EE170}"
EndProject
Project("{FAE04EC0-301F-11D3-BF4B-00C04F79EFBC}") = "Presentation", "src\Presentation\Presentation.csproj", "{FBA224BB-37D5-4842-8B22-DED0F81E8058}"
EndProject
Project("{FAE04EC0-301F-11D3-BF4B-00C04F79EFBC}") = "WebApi", "WebApi\WebApi.csproj", "{5D44DE9E-A11D-412E-9CB1-552F84917B00}"
EndProject
Global
	GlobalSection(SolutionConfigurationPlatforms) = preSolution
		Debug|Any CPU = Debug|Any CPU
		Debug|x64 = Debug|x64
		Debug|x86 = Debug|x86
		Release|Any CPU = Release|Any CPU
		Release|x64 = Release|x64
		Release|x86 = Release|x86
	EndGlobalSection
	GlobalSection(ProjectConfigurationPlatforms) = postSolution
		{FCECE401-19FB-4C4D-AED8-FEDC756AF725}.Debug|Any CPU.ActiveCfg = Debug|Any CPU
		{FCECE401-19FB-4C4D-AED8-FEDC756AF725}.Debug|Any CPU.Build.0 = Debug|Any CPU
		{FCECE401-19FB-4C4D-AED8-FEDC756AF725}.Debug|x64.ActiveCfg = Debug|Any CPU
		{FCECE401-19FB-4C4D-AED8-FEDC756AF725}.Debug|x64.Build.0 = Debug|Any CPU
		{FCECE401-19FB-4C4D-AED8-FEDC756AF725}.Debug|x86.ActiveCfg = Debug|Any CPU
		{FCECE401-19FB-4C4D-AED8-FEDC756AF725}.Debug|x86.Build.0 = Debug|Any CPU
		{FCECE401-19FB-4C4D-AED8-FEDC756AF725}.Release|Any CPU.ActiveCfg = Release|Any CPU
		{FCECE401-19FB-4C4D-AED8-FEDC756AF725}.Release|Any CPU.Build.0 = Release|Any CPU
		{FCECE401-19FB-4C4D-AED8-FEDC756AF725}.Release|x64.ActiveCfg = Release|Any CPU
		{FCECE401-19FB-4C4D-AED8-FEDC756AF725}.Release|x64.Build.0 = Release|Any CPU
		{FCECE401-19FB-4C4D-AED8-FEDC756AF725}.Release|x86.ActiveCfg = Release|Any CPU
		{FCECE401-19FB-4C4D-AED8-FEDC756AF725}.Release|x86.Build.0 = Release|Any CPU
		{CFB4BCA9-9F21-4E3A-A652-5EEFDDD88021}.Debug|Any CPU.ActiveCfg = Debug|Any CPU
		{CFB4BCA9-9F21-4E3A-A652-5EEFDDD88021}.Debug|Any CPU.Build.0 = Debug|Any CPU
		{CFB4BCA9-9F21-4E3A-A652-5EEFDDD88021}.Debug|x64.ActiveCfg = Debug|Any CPU
		{CFB4BCA9-9F21-4E3A-A652-5EEFDDD88021}.Debug|x64.Build.0 = Debug|Any CPU
		{CFB4BCA9-9F21-4E3A-A652-5EEFDDD88021}.Debug|x86.ActiveCfg = Debug|Any CPU
		{CFB4BCA9-9F21-4E3A-A652-5EEFDDD88021}.Debug|x86.Build.0 = Debug|Any CPU
		{CFB4BCA9-9F21-4E3A-A652-5EEFDDD88021}.Release|Any CPU.ActiveCfg = Release|Any CPU
		{CFB4BCA9-9F21-4E3A-A652-5EEFDDD88021}.Release|Any CPU.Build.0 = Release|Any CPU
		{CFB4BCA9-9F21-4E3A-A652-5EEFDDD88021}.Release|x64.ActiveCfg = Release|Any CPU
		{CFB4BCA9-9F21-4E3A-A652-5EEFDDD88021}.Release|x64.Build.0 = Release|Any CPU
		{CFB4BCA9-9F21-4E3A-A652-5EEFDDD88021}.Release|x86.ActiveCfg = Release|Any CPU
		{CFB4BCA9-9F21-4E3A-A652-5EEFDDD88021}.Release|x86.Build.0 = Release|Any CPU
		{B94036A7-15E4-4D44-B087-0AF4B94BEC0E}.Debug|Any CPU.ActiveCfg = Debug|Any CPU
		{B94036A7-15E4-4D44-B087-0AF4B94BEC0E}.Debug|Any CPU.Build.0 = Debug|Any CPU
		{B94036A7-15E4-4D44-B087-0AF4B94BEC0E}.Debug|x64.ActiveCfg = Debug|Any CPU
		{B94036A7-15E4-4D44-B087-0AF4B94BEC0E}.Debug|x64.Build.0 = Debug|Any CPU
		{B94036A7-15E4-4D44-B087-0AF4B94BEC0E}.Debug|x86.ActiveCfg = Debug|Any CPU
		{B94036A7-15E4-4D44-B087-0AF4B94BEC0E}.Debug|x86.Build.0 = Debug|Any CPU
		{B94036A7-15E4-4D44-B087-0AF4B94BEC0E}.Release|Any CPU.ActiveCfg = Release|Any CPU
		{B94036A7-15E4-4D44-B087-0AF4B94BEC0E}.Release|Any CPU.Build.0 = Release|Any CPU
		{B94036A7-15E4-4D44-B087-0AF4B94BEC0E}.Release|x64.ActiveCfg = Release|Any CPU
		{B94036A7-15E4-4D44-B087-0AF4B94BEC0E}.Release|x64.Build.0 = Release|Any CPU
		{B94036A7-15E4-4D44-B087-0AF4B94BEC0E}.Release|x86.ActiveCfg = Release|Any CPU
		{B94036A7-15E4-4D44-B087-0AF4B94BEC0E}.Release|x86.Build.0 = Release|Any CPU
		{35E7AB13-D61A-4BA7-AB26-367B1229A224}.Debug|Any CPU.ActiveCfg = Debug|Any CPU
		{35E7AB13-D61A-4BA7-AB26-367B1229A224}.Debug|Any CPU.Build.0 = Debug|Any CPU
		{35E7AB13-D61A-4BA7-AB26-367B1229A224}.Debug|x64.ActiveCfg = Debug|Any CPU
		{35E7AB13-D61A-4BA7-AB26-367B1229A224}.Debug|x64.Build.0 = Debug|Any CPU
		{35E7AB13-D61A-4BA7-AB26-367B1229A224}.Debug|x86.ActiveCfg = Debug|Any CPU
		{35E7AB13-D61A-4BA7-AB26-367B1229A224}.Debug|x86.Build.0 = Debug|Any CPU
		{35E7AB13-D61A-4BA7-AB26-367B1229A224}.Release|Any CPU.ActiveCfg = Release|Any CPU
		{35E7AB13-D61A-4BA7-AB26-367B1229A224}.Release|Any CPU.Build.0 = Release|Any CPU
		{35E7AB13-D61A-4BA7-AB26-367B1229A224}.Release|x64.ActiveCfg = Release|Any CPU
		{35E7AB13-D61A-4BA7-AB26-367B1229A224}.Release|x64.Build.0 = Release|Any CPU
		{35E7AB13-D61A-4BA7-AB26-367B1229A224}.Release|x86.ActiveCfg = Release|Any CPU
		{35E7AB13-D61A-4BA7-AB26-367B1229A224}.Release|x86.Build.0 = Release|Any CPU
		{CC070C51-1C49-4A40-9700-CA600D3EE170}.Debug|Any CPU.ActiveCfg = Debug|Any CPU
		{CC070C51-1C49-4A40-9700-CA600D3EE170}.Debug|Any CPU.Build.0 = Debug|Any CPU
		{CC070C51-1C49-4A40-9700-CA600D3EE170}.Debug|x64.ActiveCfg = Debug|Any CPU
		{CC070C51-1C49-4A40-9700-CA600D3EE170}.Debug|x64.Build.0 = Debug|Any CPU
		{CC070C51-1C49-4A40-9700-CA600D3EE170}.Debug|x86.ActiveCfg = Debug|Any CPU
		{CC070C51-1C49-4A40-9700-CA600D3EE170}.Debug|x86.Build.0 = Debug|Any CPU
		{CC070C51-1C49-4A40-9700-CA600D3EE170}.Release|Any CPU.ActiveCfg = Release|Any CPU
		{CC070C51-1C49-4A40-9700-CA600D3EE170}.Release|Any CPU.Build.0 = Release|Any CPU
		{CC070C51-1C49-4A40-9700-CA600D3EE170}.Release|x64.ActiveCfg = Release|Any CPU
		{CC070C51-1C49-4A40-9700-CA600D3EE170}.Release|x64.Build.0 = Release|Any CPU
		{CC070C51-1C49-4A40-9700-CA600D3EE170}.Release|x86.ActiveCfg = Release|Any CPU
		{CC070C51-1C49-4A40-9700-CA600D3EE170}.Release|x86.Build.0 = Release|Any CPU
		{FBA224BB-37D5-4842-8B22-DED0F81E8058}.Debug|Any CPU.ActiveCfg = Debug|Any CPU
		{FBA224BB-37D5-4842-8B22-DED0F81E8058}.Debug|Any CPU.Build.0 = Debug|Any CPU
		{FBA224BB-37D5-4842-8B22-DED0F81E8058}.Debug|x64.ActiveCfg = Debug|Any CPU
		{FBA224BB-37D5-4842-8B22-DED0F81E8058}.Debug|x64.Build.0 = Debug|Any CPU
		{FBA224BB-37D5-4842-8B22-DED0F81E8058}.Debug|x86.ActiveCfg = Debug|Any CPU
		{FBA224BB-37D5-4842-8B22-DED0F81E8058}.Debug|x86.Build.0 = Debug|Any CPU
		{FBA224BB-37D5-4842-8B22-DED0F81E8058}.Release|Any CPU.ActiveCfg = Release|Any CPU
		{FBA224BB-37D5-4842-8B22-DED0F81E8058}.Release|Any CPU.Build.0 = Release|Any CPU
		{FBA224BB-37D5-4842-8B22-DED0F81E8058}.Release|x64.ActiveCfg = Release|Any CPU
		{FBA224BB-37D5-4842-8B22-DED0F81E8058}.Release|x64.Build.0 = Release|Any CPU
		{FBA224BB-37D5-4842-8B22-DED0F81E8058}.Release|x86.ActiveCfg = Release|Any CPU
		{FBA224BB-37D5-4842-8B22-DED0F81E8058}.Release|x86.Build.0 = Release|Any CPU
		{5D44DE9E-A11D-412E-9CB1-552F84917B00}.Debug|Any CPU.ActiveCfg = Debug|Any CPU
		{5D44DE9E-A11D-412E-9CB1-552F84917B00}.Debug|Any CPU.Build.0 = Debug|Any CPU
		{5D44DE9E-A11D-412E-9CB1-552F84917B00}.Debug|x64.ActiveCfg = Debug|Any CPU
		{5D44DE9E-A11D-412E-9CB1-552F84917B00}.Debug|x64.Build.0 = Debug|Any CPU
		{5D44DE9E-A11D-412E-9CB1-552F84917B00}.Debug|x86.ActiveCfg = Debug|Any CPU
		{5D44DE9E-A11D-412E-9CB1-552F84917B00}.Debug|x86.Build.0 = Debug|Any CPU
		{5D44DE9E-A11D-412E-9CB1-552F84917B00}.Release|Any CPU.ActiveCfg = Release|Any CPU
		{5D44DE9E-A11D-412E-9CB1-552F84917B00}.Release|Any CPU.Build.0 = Release|Any CPU
		{5D44DE9E-A11D-412E-9CB1-552F84917B00}.Release|x64.ActiveCfg = Release|Any CPU
		{5D44DE9E-A11D-412E-9CB1-552F84917B00}.Release|x64.Build.0 = Release|Any CPU
		{5D44DE9E-A11D-412E-9CB1-552F84917B00}.Release|x86.ActiveCfg = Release|Any CPU
		{5D44DE9E-A11D-412E-9CB1-552F84917B00}.Release|x86.Build.0 = Release|Any CPU
	EndGlobalSection
	GlobalSection(SolutionProperties) = preSolution
		HideSolutionNode = FALSE
	EndGlobalSection
	GlobalSection(NestedProjects) = preSolution
		{FCECE401-19FB-4C4D-AED8-FEDC756AF725} = {827E0CD3-B72D-47B6-A68D-7590B98EB39B}
		{CFB4BCA9-9F21-4E3A-A652-5EEFDDD88021} = {827E0CD3-B72D-47B6-A68D-7590B98EB39B}
		{B94036A7-15E4-4D44-B087-0AF4B94BEC0E} = {827E0CD3-B72D-47B6-A68D-7590B98EB39B}
		{35E7AB13-D61A-4BA7-AB26-367B1229A224} = {827E0CD3-B72D-47B6-A68D-7590B98EB39B}
		{CC070C51-1C49-4A40-9700-CA600D3EE170} = {827E0CD3-B72D-47B6-A68D-7590B98EB39B}
		{FBA224BB-37D5-4842-8B22-DED0F81E8058} = {827E0CD3-B72D-47B6-A68D-7590B98EB39B}
	EndGlobalSection
EndGlobal
